# THIS IS AN AUTOGENERATED FILE. DO NOT EDIT THIS FILE DIRECTLY.
# yarn lockfile v1


"@types/generate-password@^1.5.1":
  version "1.5.1"
  resolved "https://registry.yarnpkg.com/@types/generate-password/-/generate-password-1.5.1.tgz#bd2d7296ad51fb0f3819be67acf60623f53da1f8"
  integrity sha512-VGu9m+z/Itv9GzdiB9VCD3Y2f5VX+tI7OXE/ttBtQPPokl3eIVdahslvK7C18zhjbSoq3yzFbbDzEFwvBwa3bw==
  dependencies:
    generate-password "*"

"@types/node@^14.17.11":
  version "14.18.5"
  resolved "https://registry.yarnpkg.com/@types/node/-/node-14.18.5.tgz#0dd636fe7b2c6055cbed0d4ca3b7fb540f130a96"
  integrity sha512-LMy+vDDcQR48EZdEx5wRX1q/sEl6NdGuHXPnfeL8ixkwCOSZ2qnIyIZmcCbdX0MeRqHhAcHmX+haCbrS8Run+A==

generate-password@*, generate-password@^1.7.0:
  version "1.7.0"
  resolved "https://registry.yarnpkg.com/generate-password/-/generate-password-1.7.0.tgz#00ba4eb1e71f89a72307b0d6604ee0d4e7f5770c"
  integrity sha512-WPCtlfy0jexf7W5IbwxGUgpIDvsZIohbI2DAq2Q6TSlKKis+G4GT9sxvPxrZUGL8kP6WUXMWNqYnxY6DDKAdFA==

typescript@^4.2.2:
  version "4.5.4"
  resolved "https://registry.yarnpkg.com/typescript/-/typescript-4.5.4.tgz#a17d3a0263bf5c8723b9c52f43c5084edf13c2e8"
  integrity sha512-VgYs2A2QIRuGphtzFV7aQJduJ2gyfTljngLzjpfW9FoYZF6xuw1W0vW9ghCKLfcWrCFxK81CSGRAvS1pn4fIUg==
