# THIS IS AN AUTOGENERATED FILE. DO NOT EDIT THIS FILE DIRECTLY.
# yarn lockfile v1


"@types/node@^18.11.8":
  version "18.11.8"
  resolved "https://registry.yarnpkg.com/@types/node/-/node-18.11.8.tgz#16d222a58d4363a2a359656dd20b28414de5d265"
  integrity sha512-uGwPWlE0Hj972KkHtCDVwZ8O39GmyjfMane1Z3GUBGGnkZ2USDq7SxLpVIiIHpweY9DS0QTDH0Nw7RNBsAAZ5A==

node-bin-setup@^1.0.0:
  version "1.1.3"
  resolved "https://registry.yarnpkg.com/node-bin-setup/-/node-bin-setup-1.1.3.tgz#d45d5220e3b2ecc3a94263a56116f727f6c1bb14"
  integrity sha512-opgw9iSCAzT2+6wJOETCpeRYAQxSopqQ2z+N6BXwIMsQQ7Zj5M8MaafQY8JMlolRR6R1UXg2WmhKp0p9lSOivg==

node@^17.7.2:
  version "17.9.1"
  resolved "https://registry.yarnpkg.com/node/-/node-17.9.1.tgz#2f6094597b22e8d56c57c129bb88c91aa17c15b2"
  integrity sha512-Jmv4WrsWcZI6/SEUF6G0+9R73yQnVN/9VQnqkC1s/VJrxUkwyCodnOQLvXEVqfh13RNeHpFO92cWxjV0TB5Rww==
  dependencies:
    node-bin-setup "^1.0.0"
